
Microsoft Visual Studio Solution File, Format Version 12.00
# Visual Studio Version 16
VisualStudioVersion = 16.0.29728.190
MinimumVisualStudioVersion = 10.0.40219.1
Project("{FAE04EC0-301F-11D3-BF4B-00C04F79EFBC}") = "VSTOExcelAddInDemo1", "VSTOExcelAddInDemo1\VSTOExcelAddInDemo1.csproj", "{32AA336B-8175-4FC4-9A0E-E8C9A8ED3239}"
EndProject
Global
	GlobalSection(SolutionConfigurationPlatforms) = preSolution
		Debug|Any CPU = Debug|Any CPU
		Release|Any CPU = Release|Any CPU
	EndGlobalSection
	GlobalSection(ProjectConfigurationPlatforms) = postSolution
		{32AA336B-8175-4FC4-9A0E-E8C9A8ED3239}.Debug|Any CPU.ActiveCfg = Debug|Any CPU
		{32AA336B-8175-4FC4-9A0E-E8C9A8ED3239}.Debug|Any CPU.Build.0 = Debug|Any CPU
		{32AA336B-8175-4FC4-9A0E-E8C9A8ED3239}.Release|Any CPU.ActiveCfg = Release|Any CPU
		{32AA336B-8175-4FC4-9A0E-E8C9A8ED3239}.Release|Any CPU.Build.0 = Release|Any CPU
	EndGlobalSection
	GlobalSection(SolutionProperties) = preSolution
		HideSolutionNode = FALSE
	EndGlobalSection
	GlobalSection(ExtensibilityGlobals) = postSolution
		SolutionGuid = {F1C99F92-72EA-4303-A12C-1B7D2FD73933}
	EndGlobalSection
EndGlobal
